
Microsoft Visual Studio Solution File, Format Version 12.00
# Visual Studio 15
VisualStudioVersion = 15.0.26228.4
MinimumVisualStudioVersion = 10.0.40219.1
Project("{FAE04EC0-301F-11D3-BF4B-00C04F79EFBC}") = "StateFramework", "StateFramework\StateFramework.csproj", "{A7A845FC-CFD8-46A4-BDF8-6034816B1434}"
EndProject
Project("{FAE04EC0-301F-11D3-BF4B-00C04F79EFBC}") = "ExampleStateProvider", "ExampleStateProvider\ExampleStateProvider.csproj", "{176E6C40-F794-437A-892F-55EDC852BED3}"
EndProject
Project("{FAE04EC0-301F-11D3-BF4B-00C04F79EFBC}") = "ExampleProject", "ExampleProject\ExampleProject.csproj", "{906DCB3F-9218-478B-A833-757AB7517867}"
EndProject
Global
	GlobalSection(SolutionConfigurationPlatforms) = preSolution
		Debug|Any CPU = Debug|Any CPU
		Debug|x64 = Debug|x64
		Debug|x86 = Debug|x86
		Release|Any CPU = Release|Any CPU
		Release|x64 = Release|x64
		Release|x86 = Release|x86
	EndGlobalSection
	GlobalSection(ProjectConfigurationPlatforms) = postSolution
		{A7A845FC-CFD8-46A4-BDF8-6034816B1434}.Debug|Any CPU.ActiveCfg = Debug|Any CPU
		{A7A845FC-CFD8-46A4-BDF8-6034816B1434}.Debug|Any CPU.Build.0 = Debug|Any CPU
		{A7A845FC-CFD8-46A4-BDF8-6034816B1434}.Debug|x64.ActiveCfg = Debug|Any CPU
		{A7A845FC-CFD8-46A4-BDF8-6034816B1434}.Debug|x64.Build.0 = Debug|Any CPU
		{A7A845FC-CFD8-46A4-BDF8-6034816B1434}.Debug|x86.ActiveCfg = Debug|Any CPU
		{A7A845FC-CFD8-46A4-BDF8-6034816B1434}.Debug|x86.Build.0 = Debug|Any CPU
		{A7A845FC-CFD8-46A4-BDF8-6034816B1434}.Release|Any CPU.ActiveCfg = Release|Any CPU
		{A7A845FC-CFD8-46A4-BDF8-6034816B1434}.Release|Any CPU.Build.0 = Release|Any CPU
		{A7A845FC-CFD8-46A4-BDF8-6034816B1434}.Release|x64.ActiveCfg = Release|Any CPU
		{A7A845FC-CFD8-46A4-BDF8-6034816B1434}.Release|x64.Build.0 = Release|Any CPU
		{A7A845FC-CFD8-46A4-BDF8-6034816B1434}.Release|x86.ActiveCfg = Release|Any CPU
		{A7A845FC-CFD8-46A4-BDF8-6034816B1434}.Release|x86.Build.0 = Release|Any CPU
		{176E6C40-F794-437A-892F-55EDC852BED3}.Debug|Any CPU.ActiveCfg = Debug|Any CPU
		{176E6C40-F794-437A-892F-55EDC852BED3}.Debug|Any CPU.Build.0 = Debug|Any CPU
		{176E6C40-F794-437A-892F-55EDC852BED3}.Debug|x64.ActiveCfg = Debug|Any CPU
		{176E6C40-F794-437A-892F-55EDC852BED3}.Debug|x64.Build.0 = Debug|Any CPU
		{176E6C40-F794-437A-892F-55EDC852BED3}.Debug|x86.ActiveCfg = Debug|Any CPU
		{176E6C40-F794-437A-892F-55EDC852BED3}.Debug|x86.Build.0 = Debug|Any CPU
		{176E6C40-F794-437A-892F-55EDC852BED3}.Release|Any CPU.ActiveCfg = Release|Any CPU
		{176E6C40-F794-437A-892F-55EDC852BED3}.Release|Any CPU.Build.0 = Release|Any CPU
		{176E6C40-F794-437A-892F-55EDC852BED3}.Release|x64.ActiveCfg = Release|Any CPU
		{176E6C40-F794-437A-892F-55EDC852BED3}.Release|x64.Build.0 = Release|Any CPU
		{176E6C40-F794-437A-892F-55EDC852BED3}.Release|x86.ActiveCfg = Release|Any CPU
		{176E6C40-F794-437A-892F-55EDC852BED3}.Release|x86.Build.0 = Release|Any CPU
		{906DCB3F-9218-478B-A833-757AB7517867}.Debug|Any CPU.ActiveCfg = Debug|Any CPU
		{906DCB3F-9218-478B-A833-757AB7517867}.Debug|Any CPU.Build.0 = Debug|Any CPU
		{906DCB3F-9218-478B-A833-757AB7517867}.Debug|x64.ActiveCfg = Debug|Any CPU
		{906DCB3F-9218-478B-A833-757AB7517867}.Debug|x64.Build.0 = Debug|Any CPU
		{906DCB3F-9218-478B-A833-757AB7517867}.Debug|x86.ActiveCfg = Debug|Any CPU
		{906DCB3F-9218-478B-A833-757AB7517867}.Debug|x86.Build.0 = Debug|Any CPU
		{906DCB3F-9218-478B-A833-757AB7517867}.Release|Any CPU.ActiveCfg = Release|Any CPU
		{906DCB3F-9218-478B-A833-757AB7517867}.Release|Any CPU.Build.0 = Release|Any CPU
		{906DCB3F-9218-478B-A833-757AB7517867}.Release|x64.ActiveCfg = Release|Any CPU
		{906DCB3F-9218-478B-A833-757AB7517867}.Release|x64.Build.0 = Release|Any CPU
		{906DCB3F-9218-478B-A833-757AB7517867}.Release|x86.ActiveCfg = Release|Any CPU
		{906DCB3F-9218-478B-A833-757AB7517867}.Release|x86.Build.0 = Release|Any CPU
	EndGlobalSection
	GlobalSection(SolutionProperties) = preSolution
		HideSolutionNode = FALSE
	EndGlobalSection
EndGlobal
